Microsoft Visual Studio Solution File, Format Version 12.00
# Visual Studio 2012
Project("{FAE04EC0-301F-11D3-BF4B-00C04F79EFBC}") = "Networks", "Networks.csproj", "{3F198904-C17E-44B1-AFE0-5F5CE565CB81}"
EndProject
Global
	GlobalSection(SolutionConfigurationPlatforms) = preSolution
	Debug|Any CPU = Debug|Any CPU
	ExportDebug|Any CPU = ExportDebug|Any CPU
	ExportRelease|Any CPU = ExportRelease|Any CPU
	EndGlobalSection
	GlobalSection(ProjectConfigurationPlatforms) = postSolution
		{3F198904-C17E-44B1-AFE0-5F5CE565CB81}.Debug|Any CPU.ActiveCfg = Debug|Any CPU
		{3F198904-C17E-44B1-AFE0-5F5CE565CB81}.Debug|Any CPU.Build.0 = Debug|Any CPU
		{3F198904-C17E-44B1-AFE0-5F5CE565CB81}.ExportDebug|Any CPU.ActiveCfg = ExportDebug|Any CPU
		{3F198904-C17E-44B1-AFE0-5F5CE565CB81}.ExportDebug|Any CPU.Build.0 = ExportDebug|Any CPU
		{3F198904-C17E-44B1-AFE0-5F5CE565CB81}.ExportRelease|Any CPU.ActiveCfg = ExportRelease|Any CPU
		{3F198904-C17E-44B1-AFE0-5F5CE565CB81}.ExportRelease|Any CPU.Build.0 = ExportRelease|Any CPU
	EndGlobalSection
EndGlobal
